
Microsoft Visual Studio Solution File, Format Version 12.00
# Visual Studio Version 16
VisualStudioVersion = 16.0.30804.86
MinimumVisualStudioVersion = 15.0.26124.0
Project("{2150E333-8FDC-42A3-9474-1A3956D46DE8}") = "src", "src", "{48161158-E81A-4412-9594-33D7537538B6}"
EndProject
Project("{2150E333-8FDC-42A3-9474-1A3956D46DE8}") = "Building Blocks", "Building Blocks", "{99C4AFB1-D52E-411C-87E3-E87A32CF0551}"
EndProject
Project("{2150E333-8FDC-42A3-9474-1A3956D46DE8}") = "Services", "Services", "{022D4809-53C6-48AD-AA7A-09204CD1A84B}"
EndProject
Project("{2150E333-8FDC-42A3-9474-1A3956D46DE8}") = "Web", "Web", "{096FB6FD-3224-491B-96EE-04FD1884F468}"
EndProject
Project("{2150E333-8FDC-42A3-9474-1A3956D46DE8}") = "Identity", "Identity", "{1ACDE1AB-E041-46AD-8B6C-47A2121099A1}"
EndProject
Project("{FAE04EC0-301F-11D3-BF4B-00C04F79EFBC}") = "NerdStoreEnterprise.Identity.API", "src\services\NerdStoreEnterprise.Identity.API\NerdStoreEnterprise.Identity.API.csproj", "{B304B20F-9C2B-4434-9C03-773F8D617428}"
EndProject
Project("{2150E333-8FDC-42A3-9474-1A3956D46DE8}") = "MVC", "MVC", "{3CD6CE9B-12C0-4378-A706-02D74D7273D5}"
EndProject
Project("{FAE04EC0-301F-11D3-BF4B-00C04F79EFBC}") = "NerdStoreEnterprise.WebApp.MVC", "src\web\NerdStoreEnterprise.WebApp.MVC\NerdStoreEnterprise.WebApp.MVC.csproj", "{DE904A89-8D4F-4F3E-B161-5CABAEFF6F2A}"
EndProject
Project("{2150E333-8FDC-42A3-9474-1A3956D46DE8}") = "Core", "Core", "{D6789E18-3E99-4874-B3B2-0E8226A20AFE}"
EndProject
Project("{FAE04EC0-301F-11D3-BF4B-00C04F79EFBC}") = "NerdStoreEnterprise.Core", "src\building blocks\NerdStoreEnterprise.Core\NerdStoreEnterprise.Core.csproj", "{CDF7712E-FC3D-459E-BDF8-B87AA511199D}"
EndProject
Project("{2150E333-8FDC-42A3-9474-1A3956D46DE8}") = "ShoppingCart", "ShoppingCart", "{05E01EDC-723A-4437-A47C-55DC3EFD4990}"
EndProject
Project("{2150E333-8FDC-42A3-9474-1A3956D46DE8}") = "Catalog", "Catalog", "{8983E228-7327-43B3-91B3-671348A1E56B}"
EndProject
Project("{2150E333-8FDC-42A3-9474-1A3956D46DE8}") = "Customer", "Customer", "{2771DB8C-8F6B-4C9B-9812-1CABA4CF648E}"
EndProject
Project("{2150E333-8FDC-42A3-9474-1A3956D46DE8}") = "Payment", "Payment", "{24F279B0-897A-4CFB-8DC7-F9252AFAD155}"
EndProject
Project("{2150E333-8FDC-42A3-9474-1A3956D46DE8}") = "Order", "Order", "{6AA7F672-8DBC-4C19-BFAF-A304EB498B8F}"
EndProject
Project("{FAE04EC0-301F-11D3-BF4B-00C04F79EFBC}") = "NerdStoreEnterprise.Catalog.API", "src\services\NerdStoreEnterprise.Catalog.API\NerdStoreEnterprise.Catalog.API.csproj", "{26E1A81C-150D-4907-89CF-BEE1C6CBB50E}"
EndProject
Project("{FAE04EC0-301F-11D3-BF4B-00C04F79EFBC}") = "NerdStoreEnterprise.Customer.API", "src\services\NerdStoreEnterprise.Customer.API\NerdStoreEnterprise.Customer.API.csproj", "{133A47C0-0FD4-4D51-BEAD-AD1AA14C7115}"
EndProject
Project("{FAE04EC0-301F-11D3-BF4B-00C04F79EFBC}") = "NerdStoreEnterprise.Order.API", "src\services\NerdStoreEnterprise.Order.API\NerdStoreEnterprise.Order.API.csproj", "{FDB64DE2-FD30-47D9-939A-00885810F00A}"
EndProject
Project("{FAE04EC0-301F-11D3-BF4B-00C04F79EFBC}") = "NerdStoreEnterprise.Payment.API", "src\services\NerdStoreEnterprise.Payment.API\NerdStoreEnterprise.Payment.API.csproj", "{E71CB1C9-49FC-47E0-A5D1-A4CA79A784C8}"
EndProject
Project("{FAE04EC0-301F-11D3-BF4B-00C04F79EFBC}") = "NerdStoreEnterprise.ShoppingCart.API", "src\services\NerdStoreEnterprise.ShoppingCart.API\NerdStoreEnterprise.ShoppingCart.API.csproj", "{EEBAB7BD-B6BB-43EF-9257-C43C007F68AB}"
EndProject
Global
	GlobalSection(SolutionConfigurationPlatforms) = preSolution
		Debug|Any CPU = Debug|Any CPU
		Debug|x64 = Debug|x64
		Debug|x86 = Debug|x86
		Release|Any CPU = Release|Any CPU
		Release|x64 = Release|x64
		Release|x86 = Release|x86
	EndGlobalSection
	GlobalSection(ProjectConfigurationPlatforms) = postSolution
		{B304B20F-9C2B-4434-9C03-773F8D617428}.Debug|Any CPU.ActiveCfg = Debug|Any CPU
		{B304B20F-9C2B-4434-9C03-773F8D617428}.Debug|Any CPU.Build.0 = Debug|Any CPU
		{B304B20F-9C2B-4434-9C03-773F8D617428}.Debug|x64.ActiveCfg = Debug|Any CPU
		{B304B20F-9C2B-4434-9C03-773F8D617428}.Debug|x64.Build.0 = Debug|Any CPU
		{B304B20F-9C2B-4434-9C03-773F8D617428}.Debug|x86.ActiveCfg = Debug|Any CPU
		{B304B20F-9C2B-4434-9C03-773F8D617428}.Debug|x86.Build.0 = Debug|Any CPU
		{B304B20F-9C2B-4434-9C03-773F8D617428}.Release|Any CPU.ActiveCfg = Release|Any CPU
		{B304B20F-9C2B-4434-9C03-773F8D617428}.Release|Any CPU.Build.0 = Release|Any CPU
		{B304B20F-9C2B-4434-9C03-773F8D617428}.Release|x64.ActiveCfg = Release|Any CPU
		{B304B20F-9C2B-4434-9C03-773F8D617428}.Release|x64.Build.0 = Release|Any CPU
		{B304B20F-9C2B-4434-9C03-773F8D617428}.Release|x86.ActiveCfg = Release|Any CPU
		{B304B20F-9C2B-4434-9C03-773F8D617428}.Release|x86.Build.0 = Release|Any CPU
		{DE904A89-8D4F-4F3E-B161-5CABAEFF6F2A}.Debug|Any CPU.ActiveCfg = Debug|Any CPU
		{DE904A89-8D4F-4F3E-B161-5CABAEFF6F2A}.Debug|Any CPU.Build.0 = Debug|Any CPU
		{DE904A89-8D4F-4F3E-B161-5CABAEFF6F2A}.Debug|x64.ActiveCfg = Debug|Any CPU
		{DE904A89-8D4F-4F3E-B161-5CABAEFF6F2A}.Debug|x64.Build.0 = Debug|Any CPU
		{DE904A89-8D4F-4F3E-B161-5CABAEFF6F2A}.Debug|x86.ActiveCfg = Debug|Any CPU
		{DE904A89-8D4F-4F3E-B161-5CABAEFF6F2A}.Debug|x86.Build.0 = Debug|Any CPU
		{DE904A89-8D4F-4F3E-B161-5CABAEFF6F2A}.Release|Any CPU.ActiveCfg = Release|Any CPU
		{DE904A89-8D4F-4F3E-B161-5CABAEFF6F2A}.Release|Any CPU.Build.0 = Release|Any CPU
		{DE904A89-8D4F-4F3E-B161-5CABAEFF6F2A}.Release|x64.ActiveCfg = Release|Any CPU
		{DE904A89-8D4F-4F3E-B161-5CABAEFF6F2A}.Release|x64.Build.0 = Release|Any CPU
		{DE904A89-8D4F-4F3E-B161-5CABAEFF6F2A}.Release|x86.ActiveCfg = Release|Any CPU
		{DE904A89-8D4F-4F3E-B161-5CABAEFF6F2A}.Release|x86.Build.0 = Release|Any CPU
		{CDF7712E-FC3D-459E-BDF8-B87AA511199D}.Debug|Any CPU.ActiveCfg = Debug|Any CPU
		{CDF7712E-FC3D-459E-BDF8-B87AA511199D}.Debug|Any CPU.Build.0 = Debug|Any CPU
		{CDF7712E-FC3D-459E-BDF8-B87AA511199D}.Debug|x64.ActiveCfg = Debug|Any CPU
		{CDF7712E-FC3D-459E-BDF8-B87AA511199D}.Debug|x64.Build.0 = Debug|Any CPU
		{CDF7712E-FC3D-459E-BDF8-B87AA511199D}.Debug|x86.ActiveCfg = Debug|Any CPU
		{CDF7712E-FC3D-459E-BDF8-B87AA511199D}.Debug|x86.Build.0 = Debug|Any CPU
		{CDF7712E-FC3D-459E-BDF8-B87AA511199D}.Release|Any CPU.ActiveCfg = Release|Any CPU
		{CDF7712E-FC3D-459E-BDF8-B87AA511199D}.Release|Any CPU.Build.0 = Release|Any CPU
		{CDF7712E-FC3D-459E-BDF8-B87AA511199D}.Release|x64.ActiveCfg = Release|Any CPU
		{CDF7712E-FC3D-459E-BDF8-B87AA511199D}.Release|x64.Build.0 = Release|Any CPU
		{CDF7712E-FC3D-459E-BDF8-B87AA511199D}.Release|x86.ActiveCfg = Release|Any CPU
		{CDF7712E-FC3D-459E-BDF8-B87AA511199D}.Release|x86.Build.0 = Release|Any CPU
		{26E1A81C-150D-4907-89CF-BEE1C6CBB50E}.Debug|Any CPU.ActiveCfg = Debug|Any CPU
		{26E1A81C-150D-4907-89CF-BEE1C6CBB50E}.Debug|Any CPU.Build.0 = Debug|Any CPU
		{26E1A81C-150D-4907-89CF-BEE1C6CBB50E}.Debug|x64.ActiveCfg = Debug|Any CPU
		{26E1A81C-150D-4907-89CF-BEE1C6CBB50E}.Debug|x64.Build.0 = Debug|Any CPU
		{26E1A81C-150D-4907-89CF-BEE1C6CBB50E}.Debug|x86.ActiveCfg = Debug|Any CPU
		{26E1A81C-150D-4907-89CF-BEE1C6CBB50E}.Debug|x86.Build.0 = Debug|Any CPU
		{26E1A81C-150D-4907-89CF-BEE1C6CBB50E}.Release|Any CPU.ActiveCfg = Release|Any CPU
		{26E1A81C-150D-4907-89CF-BEE1C6CBB50E}.Release|Any CPU.Build.0 = Release|Any CPU
		{26E1A81C-150D-4907-89CF-BEE1C6CBB50E}.Release|x64.ActiveCfg = Release|Any CPU
		{26E1A81C-150D-4907-89CF-BEE1C6CBB50E}.Release|x64.Build.0 = Release|Any CPU
		{26E1A81C-150D-4907-89CF-BEE1C6CBB50E}.Release|x86.ActiveCfg = Release|Any CPU
		{26E1A81C-150D-4907-89CF-BEE1C6CBB50E}.Release|x86.Build.0 = Release|Any CPU
		{133A47C0-0FD4-4D51-BEAD-AD1AA14C7115}.Debug|Any CPU.ActiveCfg = Debug|Any CPU
		{133A47C0-0FD4-4D51-BEAD-AD1AA14C7115}.Debug|Any CPU.Build.0 = Debug|Any CPU
		{133A47C0-0FD4-4D51-BEAD-AD1AA14C7115}.Debug|x64.ActiveCfg = Debug|Any CPU
		{133A47C0-0FD4-4D51-BEAD-AD1AA14C7115}.Debug|x64.Build.0 = Debug|Any CPU
		{133A47C0-0FD4-4D51-BEAD-AD1AA14C7115}.Debug|x86.ActiveCfg = Debug|Any CPU
		{133A47C0-0FD4-4D51-BEAD-AD1AA14C7115}.Debug|x86.Build.0 = Debug|Any CPU
		{133A47C0-0FD4-4D51-BEAD-AD1AA14C7115}.Release|Any CPU.ActiveCfg = Release|Any CPU
		{133A47C0-0FD4-4D51-BEAD-AD1AA14C7115}.Release|Any CPU.Build.0 = Release|Any CPU
		{133A47C0-0FD4-4D51-BEAD-AD1AA14C7115}.Release|x64.ActiveCfg = Release|Any CPU
		{133A47C0-0FD4-4D51-BEAD-AD1AA14C7115}.Release|x64.Build.0 = Release|Any CPU
		{133A47C0-0FD4-4D51-BEAD-AD1AA14C7115}.Release|x86.ActiveCfg = Release|Any CPU
		{133A47C0-0FD4-4D51-BEAD-AD1AA14C7115}.Release|x86.Build.0 = Release|Any CPU
		{FDB64DE2-FD30-47D9-939A-00885810F00A}.Debug|Any CPU.ActiveCfg = Debug|Any CPU
		{FDB64DE2-FD30-47D9-939A-00885810F00A}.Debug|Any CPU.Build.0 = Debug|Any CPU
		{FDB64DE2-FD30-47D9-939A-00885810F00A}.Debug|x64.ActiveCfg = Debug|Any CPU
		{FDB64DE2-FD30-47D9-939A-00885810F00A}.Debug|x64.Build.0 = Debug|Any CPU
		{FDB64DE2-FD30-47D9-939A-00885810F00A}.Debug|x86.ActiveCfg = Debug|Any CPU
		{FDB64DE2-FD30-47D9-939A-00885810F00A}.Debug|x86.Build.0 = Debug|Any CPU
		{FDB64DE2-FD30-47D9-939A-00885810F00A}.Release|Any CPU.ActiveCfg = Release|Any CPU
		{FDB64DE2-FD30-47D9-939A-00885810F00A}.Release|Any CPU.Build.0 = Release|Any CPU
		{FDB64DE2-FD30-47D9-939A-00885810F00A}.Release|x64.ActiveCfg = Release|Any CPU
		{FDB64DE2-FD30-47D9-939A-00885810F00A}.Release|x64.Build.0 = Release|Any CPU
		{FDB64DE2-FD30-47D9-939A-00885810F00A}.Release|x86.ActiveCfg = Release|Any CPU
		{FDB64DE2-FD30-47D9-939A-00885810F00A}.Release|x86.Build.0 = Release|Any CPU
		{E71CB1C9-49FC-47E0-A5D1-A4CA79A784C8}.Debug|Any CPU.ActiveCfg = Debug|Any CPU
		{E71CB1C9-49FC-47E0-A5D1-A4CA79A784C8}.Debug|Any CPU.Build.0 = Debug|Any CPU
		{E71CB1C9-49FC-47E0-A5D1-A4CA79A784C8}.Debug|x64.ActiveCfg = Debug|Any CPU
		{E71CB1C9-49FC-47E0-A5D1-A4CA79A784C8}.Debug|x64.Build.0 = Debug|Any CPU
		{E71CB1C9-49FC-47E0-A5D1-A4CA79A784C8}.Debug|x86.ActiveCfg = Debug|Any CPU
		{E71CB1C9-49FC-47E0-A5D1-A4CA79A784C8}.Debug|x86.Build.0 = Debug|Any CPU
		{E71CB1C9-49FC-47E0-A5D1-A4CA79A784C8}.Release|Any CPU.ActiveCfg = Release|Any CPU
		{E71CB1C9-49FC-47E0-A5D1-A4CA79A784C8}.Release|Any CPU.Build.0 = Release|Any CPU
		{E71CB1C9-49FC-47E0-A5D1-A4CA79A784C8}.Release|x64.ActiveCfg = Release|Any CPU
		{E71CB1C9-49FC-47E0-A5D1-A4CA79A784C8}.Release|x64.Build.0 = Release|Any CPU
		{E71CB1C9-49FC-47E0-A5D1-A4CA79A784C8}.Release|x86.ActiveCfg = Release|Any CPU
		{E71CB1C9-49FC-47E0-A5D1-A4CA79A784C8}.Release|x86.Build.0 = Release|Any CPU
		{EEBAB7BD-B6BB-43EF-9257-C43C007F68AB}.Debug|Any CPU.ActiveCfg = Debug|Any CPU
		{EEBAB7BD-B6BB-43EF-9257-C43C007F68AB}.Debug|Any CPU.Build.0 = Debug|Any CPU
		{EEBAB7BD-B6BB-43EF-9257-C43C007F68AB}.Debug|x64.ActiveCfg = Debug|Any CPU
		{EEBAB7BD-B6BB-43EF-9257-C43C007F68AB}.Debug|x64.Build.0 = Debug|Any CPU
		{EEBAB7BD-B6BB-43EF-9257-C43C007F68AB}.Debug|x86.ActiveCfg = Debug|Any CPU
		{EEBAB7BD-B6BB-43EF-9257-C43C007F68AB}.Debug|x86.Build.0 = Debug|Any CPU
		{EEBAB7BD-B6BB-43EF-9257-C43C007F68AB}.Release|Any CPU.ActiveCfg = Release|Any CPU
		{EEBAB7BD-B6BB-43EF-9257-C43C007F68AB}.Release|Any CPU.Build.0 = Release|Any CPU
		{EEBAB7BD-B6BB-43EF-9257-C43C007F68AB}.Release|x64.ActiveCfg = Release|Any CPU
		{EEBAB7BD-B6BB-43EF-9257-C43C007F68AB}.Release|x64.Build.0 = Release|Any CPU
		{EEBAB7BD-B6BB-43EF-9257-C43C007F68AB}.Release|x86.ActiveCfg = Release|Any CPU
		{EEBAB7BD-B6BB-43EF-9257-C43C007F68AB}.Release|x86.Build.0 = Release|Any CPU
	EndGlobalSection
	GlobalSection(SolutionProperties) = preSolution
		HideSolutionNode = FALSE
	EndGlobalSection
	GlobalSection(NestedProjects) = preSolution
		{99C4AFB1-D52E-411C-87E3-E87A32CF0551} = {48161158-E81A-4412-9594-33D7537538B6}
		{022D4809-53C6-48AD-AA7A-09204CD1A84B} = {48161158-E81A-4412-9594-33D7537538B6}
		{096FB6FD-3224-491B-96EE-04FD1884F468} = {48161158-E81A-4412-9594-33D7537538B6}
		{1ACDE1AB-E041-46AD-8B6C-47A2121099A1} = {022D4809-53C6-48AD-AA7A-09204CD1A84B}
		{B304B20F-9C2B-4434-9C03-773F8D617428} = {1ACDE1AB-E041-46AD-8B6C-47A2121099A1}
		{3CD6CE9B-12C0-4378-A706-02D74D7273D5} = {096FB6FD-3224-491B-96EE-04FD1884F468}
		{DE904A89-8D4F-4F3E-B161-5CABAEFF6F2A} = {3CD6CE9B-12C0-4378-A706-02D74D7273D5}
		{D6789E18-3E99-4874-B3B2-0E8226A20AFE} = {99C4AFB1-D52E-411C-87E3-E87A32CF0551}
		{CDF7712E-FC3D-459E-BDF8-B87AA511199D} = {D6789E18-3E99-4874-B3B2-0E8226A20AFE}
		{05E01EDC-723A-4437-A47C-55DC3EFD4990} = {022D4809-53C6-48AD-AA7A-09204CD1A84B}
		{8983E228-7327-43B3-91B3-671348A1E56B} = {022D4809-53C6-48AD-AA7A-09204CD1A84B}
		{2771DB8C-8F6B-4C9B-9812-1CABA4CF648E} = {022D4809-53C6-48AD-AA7A-09204CD1A84B}
		{24F279B0-897A-4CFB-8DC7-F9252AFAD155} = {022D4809-53C6-48AD-AA7A-09204CD1A84B}
		{6AA7F672-8DBC-4C19-BFAF-A304EB498B8F} = {022D4809-53C6-48AD-AA7A-09204CD1A84B}
		{26E1A81C-150D-4907-89CF-BEE1C6CBB50E} = {8983E228-7327-43B3-91B3-671348A1E56B}
		{133A47C0-0FD4-4D51-BEAD-AD1AA14C7115} = {2771DB8C-8F6B-4C9B-9812-1CABA4CF648E}
		{FDB64DE2-FD30-47D9-939A-00885810F00A} = {6AA7F672-8DBC-4C19-BFAF-A304EB498B8F}
		{E71CB1C9-49FC-47E0-A5D1-A4CA79A784C8} = {24F279B0-897A-4CFB-8DC7-F9252AFAD155}
		{EEBAB7BD-B6BB-43EF-9257-C43C007F68AB} = {05E01EDC-723A-4437-A47C-55DC3EFD4990}
	EndGlobalSection
	GlobalSection(ExtensibilityGlobals) = postSolution
		SolutionGuid = {79227A76-6681-4B1E-A6F1-8109021E89FB}
	EndGlobalSection
EndGlobal
